
Microsoft Visual Studio Solution File, Format Version 12.00
# Visual Studio 15
VisualStudioVersion = 15.0.26403.7
MinimumVisualStudioVersion = 10.0.40219.1
Project("{FAE04EC0-301F-11D3-BF4B-00C04F79EFBC}") = "Contoso.Repository", "Contoso.Repository\Contoso.Repository.csproj", "{CC8F179B-140C-40F8-883A-A736BA5A07E8}"
EndProject
Project("{FAE04EC0-301F-11D3-BF4B-00C04F79EFBC}") = "Contoso.Models", "Contoso.Models\Contoso.Models.csproj", "{94D4E45D-09BA-446B-BBCA-EB5D10BE402A}"
EndProject
Project("{FAE04EC0-301F-11D3-BF4B-00C04F79EFBC}") = "ContosoService", "ContosoService\ContosoService.csproj", "{FF557722-394A-4FD6-907E-7548988B76E6}"
EndProject
Project("{FAE04EC0-301F-11D3-BF4B-00C04F79EFBC}") = "ContosoWeb", "ContosoWeb\ContosoWeb.csproj", "{045B8447-AE14-4C40-B2C5-1816E7AC42C0}"
EndProject
Project("{FAE04EC0-301F-11D3-BF4B-00C04F79EFBC}") = "ContosoUtility", "ContosoUtility\ContosoUtility.csproj", "{8542C308-6B4C-4F54-B9FA-6783A78E1D4C}"
EndProject
Global
	GlobalSection(SolutionConfigurationPlatforms) = preSolution
		Debug|Any CPU = Debug|Any CPU
		Release|Any CPU = Release|Any CPU
	EndGlobalSection
	GlobalSection(ProjectConfigurationPlatforms) = postSolution
		{CC8F179B-140C-40F8-883A-A736BA5A07E8}.Debug|Any CPU.ActiveCfg = Debug|Any CPU
		{CC8F179B-140C-40F8-883A-A736BA5A07E8}.Debug|Any CPU.Build.0 = Debug|Any CPU
		{CC8F179B-140C-40F8-883A-A736BA5A07E8}.Release|Any CPU.ActiveCfg = Release|Any CPU
		{CC8F179B-140C-40F8-883A-A736BA5A07E8}.Release|Any CPU.Build.0 = Release|Any CPU
		{94D4E45D-09BA-446B-BBCA-EB5D10BE402A}.Debug|Any CPU.ActiveCfg = Debug|Any CPU
		{94D4E45D-09BA-446B-BBCA-EB5D10BE402A}.Debug|Any CPU.Build.0 = Debug|Any CPU
		{94D4E45D-09BA-446B-BBCA-EB5D10BE402A}.Release|Any CPU.ActiveCfg = Release|Any CPU
		{94D4E45D-09BA-446B-BBCA-EB5D10BE402A}.Release|Any CPU.Build.0 = Release|Any CPU
		{FF557722-394A-4FD6-907E-7548988B76E6}.Debug|Any CPU.ActiveCfg = Debug|Any CPU
		{FF557722-394A-4FD6-907E-7548988B76E6}.Debug|Any CPU.Build.0 = Debug|Any CPU
		{FF557722-394A-4FD6-907E-7548988B76E6}.Release|Any CPU.ActiveCfg = Release|Any CPU
		{FF557722-394A-4FD6-907E-7548988B76E6}.Release|Any CPU.Build.0 = Release|Any CPU
		{045B8447-AE14-4C40-B2C5-1816E7AC42C0}.Debug|Any CPU.ActiveCfg = Debug|Any CPU
		{045B8447-AE14-4C40-B2C5-1816E7AC42C0}.Debug|Any CPU.Build.0 = Debug|Any CPU
		{045B8447-AE14-4C40-B2C5-1816E7AC42C0}.Release|Any CPU.ActiveCfg = Release|Any CPU
		{045B8447-AE14-4C40-B2C5-1816E7AC42C0}.Release|Any CPU.Build.0 = Release|Any CPU
		{8542C308-6B4C-4F54-B9FA-6783A78E1D4C}.Debug|Any CPU.ActiveCfg = Debug|Any CPU
		{8542C308-6B4C-4F54-B9FA-6783A78E1D4C}.Debug|Any CPU.Build.0 = Debug|Any CPU
		{8542C308-6B4C-4F54-B9FA-6783A78E1D4C}.Release|Any CPU.ActiveCfg = Release|Any CPU
		{8542C308-6B4C-4F54-B9FA-6783A78E1D4C}.Release|Any CPU.Build.0 = Release|Any CPU
	EndGlobalSection
	GlobalSection(SolutionProperties) = preSolution
		HideSolutionNode = FALSE
	EndGlobalSection
EndGlobal
